
Microsoft Visual Studio Solution File, Format Version 12.00
# Visual Studio Version 17
VisualStudioVersion = 17.9.34728.123
MinimumVisualStudioVersion = 10.0.40219.1
Project("{FAE04EC0-301F-11D3-BF4B-00C04F79EFBC}") = "EzyBuy.API", "EzyBuy.API\EzyBuy.API.csproj", "{6B66D4F3-EDD4-4198-897D-50DE724B86DD}"
EndProject
Project("{FAE04EC0-301F-11D3-BF4B-00C04F79EFBC}") = "EzyBuy.Domain", "EzyBuy.Domain\EzyBuy.Domain.csproj", "{EDABA336-25AF-484E-9DF9-11002EAB57B8}"
EndProject
Project("{FAE04EC0-301F-11D3-BF4B-00C04F79EFBC}") = "EzyBuy.Application", "EzyBuy.Application\EzyBuy.Application.csproj", "{EDB994C5-5F1F-44E5-A097-999B50CCB17D}"
EndProject
Project("{FAE04EC0-301F-11D3-BF4B-00C04F79EFBC}") = "EzyBuy.Infrastructure", "EzyBuy.Infrastructure\EzyBuy.Infrastructure.csproj", "{B7662753-EDE0-49B0-A48B-DBBD149C1F2D}"
EndProject
Global
	GlobalSection(SolutionConfigurationPlatforms) = preSolution
		Debug|Any CPU = Debug|Any CPU
		Release|Any CPU = Release|Any CPU
	EndGlobalSection
	GlobalSection(ProjectConfigurationPlatforms) = postSolution
		{6B66D4F3-EDD4-4198-897D-50DE724B86DD}.Debug|Any CPU.ActiveCfg = Debug|Any CPU
		{6B66D4F3-EDD4-4198-897D-50DE724B86DD}.Debug|Any CPU.Build.0 = Debug|Any CPU
		{6B66D4F3-EDD4-4198-897D-50DE724B86DD}.Release|Any CPU.ActiveCfg = Release|Any CPU
		{6B66D4F3-EDD4-4198-897D-50DE724B86DD}.Release|Any CPU.Build.0 = Release|Any CPU
		{EDABA336-25AF-484E-9DF9-11002EAB57B8}.Debug|Any CPU.ActiveCfg = Debug|Any CPU
		{EDABA336-25AF-484E-9DF9-11002EAB57B8}.Debug|Any CPU.Build.0 = Debug|Any CPU
		{EDABA336-25AF-484E-9DF9-11002EAB57B8}.Release|Any CPU.ActiveCfg = Release|Any CPU
		{EDABA336-25AF-484E-9DF9-11002EAB57B8}.Release|Any CPU.Build.0 = Release|Any CPU
		{EDB994C5-5F1F-44E5-A097-999B50CCB17D}.Debug|Any CPU.ActiveCfg = Debug|Any CPU
		{EDB994C5-5F1F-44E5-A097-999B50CCB17D}.Debug|Any CPU.Build.0 = Debug|Any CPU
		{EDB994C5-5F1F-44E5-A097-999B50CCB17D}.Release|Any CPU.ActiveCfg = Release|Any CPU
		{EDB994C5-5F1F-44E5-A097-999B50CCB17D}.Release|Any CPU.Build.0 = Release|Any CPU
		{B7662753-EDE0-49B0-A48B-DBBD149C1F2D}.Debug|Any CPU.ActiveCfg = Debug|Any CPU
		{B7662753-EDE0-49B0-A48B-DBBD149C1F2D}.Debug|Any CPU.Build.0 = Debug|Any CPU
		{B7662753-EDE0-49B0-A48B-DBBD149C1F2D}.Release|Any CPU.ActiveCfg = Release|Any CPU
		{B7662753-EDE0-49B0-A48B-DBBD149C1F2D}.Release|Any CPU.Build.0 = Release|Any CPU
	EndGlobalSection
	GlobalSection(SolutionProperties) = preSolution
		HideSolutionNode = FALSE
	EndGlobalSection
	GlobalSection(ExtensibilityGlobals) = postSolution
		SolutionGuid = {7A1F15C8-BF55-4950-A6EB-774300B4CC31}
	EndGlobalSection
EndGlobal
